
Microsoft Visual Studio Solution File, Format Version 12.00
# Visual Studio Version 17
VisualStudioVersion = 17.14.36105.17 d17.14
MinimumVisualStudioVersion = 10.0.40219.1
Project("{FAE04EC0-301F-11D3-BF4B-00C04F79EFBC}") = "RazorPagesPizza", "RazorPagesPizza\RazorPagesPizza.csproj", "{243A1A33-7C10-48AA-B690-7D574211C5A8}"
EndProject
Global
	GlobalSection(SolutionConfigurationPlatforms) = preSolution
		Debug|Any CPU = Debug|Any CPU
		Release|Any CPU = Release|Any CPU
	EndGlobalSection
	GlobalSection(ProjectConfigurationPlatforms) = postSolution
		{243A1A33-7C10-48AA-B690-7D574211C5A8}.Debug|Any CPU.ActiveCfg = Debug|Any CPU
		{243A1A33-7C10-48AA-B690-7D574211C5A8}.Debug|Any CPU.Build.0 = Debug|Any CPU
		{243A1A33-7C10-48AA-B690-7D574211C5A8}.Release|Any CPU.ActiveCfg = Release|Any CPU
		{243A1A33-7C10-48AA-B690-7D574211C5A8}.Release|Any CPU.Build.0 = Release|Any CPU
	EndGlobalSection
	GlobalSection(SolutionProperties) = preSolution
		HideSolutionNode = FALSE
	EndGlobalSection
	GlobalSection(ExtensibilityGlobals) = postSolution
		SolutionGuid = {768BD1A9-D918-42C0-A4FA-FC6B038F477E}
	EndGlobalSection
EndGlobal
